<Solution>
  <Folder Name="/src/">
    <Project Path="src/MpvShell.App/MpvShell.App.csproj" />
    <Project Path="src/MpvShell.Interop.VideoHost/MpvShell.Interop.VideoHost.csproj" />
    <Project Path="src/MpvShell.Player.Abstractions/MpvShell.Player.Abstractions.csproj" />
    <Project Path="src/MpvShell.Player.MpvSidecar/MpvShell.Player.MpvSidecar.csproj" />
  </Folder>
  <Folder Name="/tests/">
    <Project Path="tests/MpvShell.App.Tests/MpvShell.App.Tests.csproj" />
    <Project Path="tests/MpvShell.Interop.VideoHost.Tests/MpvShell.Interop.VideoHost.Tests.csproj" />
    <Project Path="tests/MpvShell.Player.Abstractions.Tests/MpvShell.Player.Abstractions.Tests.csproj" />
    <Project Path="tests/MpvShell.Player.MpvSidecar.Tests/MpvShell.Player.MpvSidecar.Tests.csproj" />
  </Folder>
  <Folder Name="/解决方案项/">
    <File Path=".github/copilot-instructions.md" />
    <File Path="docs/architecture.md" />
    <File Path="docs/implementation/evidence/README.md" />
    <File Path="docs/implementation/evidence/P0-00-01-baseline-verification.md" />
    <File Path="docs/implementation/native-dependency-manifest.md" />
    <File Path="docs/implementation/phase-0-plan.md" />
    <File Path="docs/implementation/phase-0-progress.md" />
  </Folder>
</Solution>
